{
  "nodes": {
    "cargo2nix": {
      "inputs": {
        "flake-utils": "flake-utils",
        "nixpkgs": "nixpkgs",
        "rust-overlay": "rust-overlay"
      },
      "locked": {
        "narHash": "sha256-x/o7FxX4M4X78CCvioi7HLxTgep3j2ZydbR1jMAOGTI=",
        "path": "../../",
        "type": "path"
      },
      "original": {
        "path": "../../",
        "type": "path"
      }
    },
    "flake-utils": {
      "locked": {
        "lastModified": 1634851050,
        "narHash": "sha256-N83GlSGPJJdcqhUxSCS/WwW5pksYf3VP1M13cDRTSVA=",
        "owner": "numtide",
        "repo": "flake-utils",
        "rev": "c91f3de5adaf1de973b797ef7485e441a65b8935",
        "type": "github"
      },
      "original": {
        "owner": "numtide",
        "repo": "flake-utils",
        "type": "github"
      }
    },
    "flake-utils_2": {
      "locked": {
        "lastModified": 1634851050,
        "narHash": "sha256-N83GlSGPJJdcqhUxSCS/WwW5pksYf3VP1M13cDRTSVA=",
        "owner": "numtide",
        "repo": "flake-utils",
        "rev": "c91f3de5adaf1de973b797ef7485e441a65b8935",
        "type": "github"
      },
      "original": {
        "owner": "numtide",
        "repo": "flake-utils",
        "type": "github"
      }
    },
    "nixpkgs": {
      "locked": {
        "lastModified": 1636814302,
        "narHash": "sha256-oO1cz/BSRIkZ29rYIklGP6+oQi5vbFEcL3y77Y15ZfY=",
        "owner": "nixos",
        "repo": "nixpkgs",
        "rev": "c0d77bdc811cf82a71dcc1f608c8aacaa28691a9",
        "type": "github"
      },
      "original": {
        "owner": "nixos",
        "ref": "release-21.05",
        "repo": "nixpkgs",
        "type": "github"
      }
    },
    "nixpkgs_2": {
      "locked": {
        "lastModified": 1636855248,
        "narHash": "sha256-ISyGm3p9uNvSqsgguK6+Pr0IDJ3pik14wTHZXfF3e/s=",
        "owner": "nixos",
        "repo": "nixpkgs",
        "rev": "195d5816cddc056e07fd2aa3fe81ee6e3f9d96e2",
        "type": "github"
      },
      "original": {
        "owner": "nixos",
        "ref": "release-21.05",
        "repo": "nixpkgs",
        "type": "github"
      }
    },
    "root": {
      "inputs": {
        "cargo2nix": "cargo2nix",
        "flake-utils": "flake-utils_2",
        "nixpkgs": "nixpkgs_2",
        "rust-overlay": "rust-overlay_2"
      }
    },
    "rust-overlay": {
      "inputs": {
        "flake-utils": [
          "flake-utils"
        ],
        "nixpkgs": [
          "nixpkgs"
        ]
      },
      "locked": {
        "lastModified": 1637053362,
        "narHash": "sha256-Ndm32NRBi99R2GyrF+cjmHh5yiW7XScsYSF9L/n502g=",
        "owner": "positron-solutions",
        "repo": "rust-overlay",
        "rev": "3db81cfde292efff37a376eb6c555a6fd734fd91",
        "type": "github"
      },
      "original": {
        "owner": "positron-solutions",
        "ref": "minus-one-nix-offset",
        "repo": "rust-overlay",
        "type": "github"
      }
    },
    "rust-overlay_2": {
      "inputs": {
        "flake-utils": [
          "flake-utils"
        ],
        "nixpkgs": [
          "nixpkgs"
        ]
      },
      "locked": {
        "lastModified": 1637053362,
        "narHash": "sha256-Ndm32NRBi99R2GyrF+cjmHh5yiW7XScsYSF9L/n502g=",
        "owner": "positron-solutions",
        "repo": "rust-overlay",
        "rev": "3db81cfde292efff37a376eb6c555a6fd734fd91",
        "type": "github"
      },
      "original": {
        "owner": "positron-solutions",
        "ref": "minus-one-nix-offset",
        "repo": "rust-overlay",
        "type": "github"
      }
    }
  },
  "root": "root",
  "version": 7
}
